
Microsoft Visual Studio Solution File, Format Version 12.00
# Visual Studio Version 16
VisualStudioVersion = 16.0.30001.183
MinimumVisualStudioVersion = 10.0.40219.1
Project("{FAE04EC0-301F-11D3-BF4B-00C04F79EFBC}") = "todo-blazor-wasm", "todo-blazor-wasm\todo-blazor-wasm.csproj", "{22CDB660-4933-43DD-A6E9-8DF4AD927DEB}"
EndProject
Global
	GlobalSection(SolutionConfigurationPlatforms) = preSolution
		Debug|Any CPU = Debug|Any CPU
		Release|Any CPU = Release|Any CPU
	EndGlobalSection
	GlobalSection(ProjectConfigurationPlatforms) = postSolution
		{22CDB660-4933-43DD-A6E9-8DF4AD927DEB}.Debug|Any CPU.ActiveCfg = Debug|Any CPU
		{22CDB660-4933-43DD-A6E9-8DF4AD927DEB}.Debug|Any CPU.Build.0 = Debug|Any CPU
		{22CDB660-4933-43DD-A6E9-8DF4AD927DEB}.Release|Any CPU.ActiveCfg = Release|Any CPU
		{22CDB660-4933-43DD-A6E9-8DF4AD927DEB}.Release|Any CPU.Build.0 = Release|Any CPU
	EndGlobalSection
	GlobalSection(SolutionProperties) = preSolution
		HideSolutionNode = FALSE
	EndGlobalSection
	GlobalSection(ExtensibilityGlobals) = postSolution
		SolutionGuid = {763BC0F6-EAE2-48B9-BCED-D297B08D4D6A}
	EndGlobalSection
EndGlobal
